// !$*UTF8*$!
{
	archiveVersion = 1;
	classes = {
	};
	objectVersion = 50;
	objects = {

/* Begin PBXBuildFile section */
		EFA170C62358170500D0BF66 /* AppDelegate.swift in Sources */ = {isa = PBXBuildFile; fileRef = EFA170C52358170500D0BF66 /* AppDelegate.swift */; };
		EFA170C82358170500D0BF66 /* ViewController.swift in Sources */ = {isa = PBXBuildFile; fileRef = EFA170C72358170500D0BF66 /* ViewController.swift */; };
		EFA170CB2358170500D0BF66 /* Main.storyboard in Resources */ = {isa = PBXBuildFile; fileRef = EFA170C92358170500D0BF66 /* Main.storyboard */; };
		EFA170CD2358170A00D0BF66 /* Assets.xcassets in Resources */ = {isa = PBXBuildFile; fileRef = EFA170CC2358170A00D0BF66 /* Assets.xcassets */; };
		EFA170D02358170A00D0BF66 /* LaunchScreen.storyboard in Resources */ = {isa = PBXBuildFile; fileRef = EFA170CE2358170A00D0BF66 /* LaunchScreen.storyboard */; };
		EFA170DB2358170A00D0BF66 /* flixTests.swift in Sources */ = {isa = PBXBuildFile; fileRef = EFA170DA2358170A00D0BF66 /* flixTests.swift */; };
		EFA170E62358170A00D0BF66 /* flixUITests.swift in Sources */ = {isa = PBXBuildFile; fileRef = EFA170E52358170A00D0BF66 /* flixUITests.swift */; };
/* End PBXBuildFile section */

/* Begin PBXContainerItemProxy section */
		EFA170D72358170A00D0BF66 /* PBXContainerItemProxy */ = {
			isa = PBXContainerItemProxy;
			containerPortal = EFA170BA2358170400D0BF66 /* Project object */;
			proxyType = 1;
			remoteGlobalIDString = EFA170C12358170500D0BF66;
			remoteInfo = flix;
		};
		EFA170E22358170A00D0BF66 /* PBXContainerItemProxy */ = {
			isa = PBXContainerItemProxy;
			containerPortal = EFA170BA2358170400D0BF66 /* Project object */;
			proxyType = 1;
			remoteGlobalIDString = EFA170C12358170500D0BF66;
			remoteInfo = flix;
		};
/* End PBXContainerItemProxy section */

/* Begin PBXFileReference section */
		EFA170C22358170500D0BF66 /* flix.app */ = {isa = PBXFileReference; explicitFileType = wrapper.application; includeInIndex = 0; path = flix.app; sourceTree = BUILT_PRODUCTS_DIR; };
		EFA170C52358170500D0BF66 /* AppDelegate.swift */ = {isa = PBXFileReference; lastKnownFileType = sourcecode.swift; path = AppDelegate.swift; sourceTree = "<group>"; };
		EFA170C72358170500D0BF66 /* ViewController.swift */ = {isa = PBXFileReference; lastKnownFileType = sourcecode.swift; path = ViewController.swift; sourceTree = "<group>"; };
		EFA170CA2358170500D0BF66 /* Base */ = {isa = PBXFileReference; lastKnownFileType = file.storyboard; name = Base; path = Base.lproj/Main.storyboard; sourceTree = "<group>"; };
		EFA170CC2358170A00D0BF66 /* Assets.xcassets */ = {isa = PBXFileReference; lastKnownFileType = folder.assetcatalog; path = Assets.xcassets; sourceTree = "<group>"; };
		EFA170CF2358170A00D0BF66 /* Base */ = {isa = PBXFileReference; lastKnownFileType = file.storyboard; name = Base; path = Base.lproj/LaunchScreen.storyboard; sourceTree = "<group>"; };
		EFA170D12358170A00D0BF66 /* Info.plist */ = {isa = PBXFileReference; lastKnownFileType = text.plist.xml; path = Info.plist; sourceTree = "<group>"; };
		EFA170D62358170A00D0BF66 /* flixTests.xctest */ = {isa = PBXFileReference; explicitFileType = wrapper.cfbundle; includeInIndex = 0; path = flixTests.xctest; sourceTree = BUILT_PRODUCTS_DIR; };
		EFA170DA2358170A00D0BF66 /* flixTests.swift */ = {isa = PBXFileReference; lastKnownFileType = sourcecode.swift; path = flixTests.swift; sourceTree = "<group>"; };
		EFA170DC2358170A00D0BF66 /* Info.plist */ = {isa = PBXFileReference; lastKnownFileType = text.plist.xml; path = Info.plist; sourceTree = "<group>"; };
		EFA170E12358170A00D0BF66 /* flixUITests.xctest */ = {isa = PBXFileReference; explicitFileType = wrapper.cfbundle; includeInIndex = 0; path = flixUITests.xctest; sourceTree = BUILT_PRODUCTS_DIR; };
		EFA170E52358170A00D0BF66 /* flixUITests.swift */ = {isa = PBXFileReference; lastKnownFileType = sourcecode.swift; path = flixUITests.swift; sourceTree = "<group>"; };
		EFA170E72358170A00D0BF66 /* Info.plist */ = {isa = PBXFileReference; lastKnownFileType = text.plist.xml; path = Info.plist; sourceTree = "<group>"; };
/* End PBXFileReference section */

/* Begin PBXFrameworksBuildPhase section */
		EFA170BF2358170500D0BF66 /* Frameworks */ = {
			isa = PBXFrameworksBuildPhase;
			buildActionMask = 2147483647;
			files = (
			);
			runOnlyForDeploymentPostprocessing = 0;
		};
		EFA170D32358170A00D0BF66 /* Frameworks */ = {
			isa = PBXFrameworksBuildPhase;
			buildActionMask = 2147483647;
			files = (
			);
			runOnlyForDeploymentPostprocessing = 0;
		};
		EFA170DE2358170A00D0BF66 /* Frameworks */ = {
			isa = PBXFrameworksBuildPhase;
			buildActionMask = 2147483647;
			files = (
			);
			runOnlyForDeploymentPostprocessing = 0;
		};
/* End PBXFrameworksBuildPhase section */

/* Begin PBXGroup section */
		EFA170B92358170400D0BF66 = {
			isa = PBXGroup;
			children = (
				EFA170C42358170500D0BF66 /* flix */,
				EFA170D92358170A00D0BF66 /* flixTests */,
				EFA170E42358170A00D0BF66 /* flixUITests */,
				EFA170C32358170500D0BF66 /* Products */,
			);
			sourceTree = "<group>";
		};
		EFA170C32358170500D0BF66 /* Products */ = {
			isa = PBXGroup;
			children = (
				EFA170C22358170500D0BF66 /* flix.app */,
				EFA170D62358170A00D0BF66 /* flixTests.xctest */,
				EFA170E12358170A00D0BF66 /* flixUITests.xctest */,
			);
			name = Products;
			sourceTree = "<group>";
		};
		EFA170C42358170500D0BF66 /* flix */ = {
			isa = PBXGroup;
			children = (
				EFA170C52358170500D0BF66 /* AppDelegate.swift */,
				EFA170C72358170500D0BF66 /* ViewController.swift */,
				EFA170C92358170500D0BF66 /* Main.storyboard */,
				EFA170CC2358170A00D0BF66 /* Assets.xcassets */,
				EFA170CE2358170A00D0BF66 /* LaunchScreen.storyboard */,
				EFA170D12358170A00D0BF66 /* Info.plist */,
			);
			path = flix;
			sourceTree = "<group>";
		};
		EFA170D92358170A00D0BF66 /* flixTests */ = {
			isa = PBXGroup;
			children = (
				EFA170DA2358170A00D0BF66 /* flixTests.swift */,
				EFA170DC2358170A00D0BF66 /* Info.plist */,
			);
			path = flixTests;
			sourceTree = "<group>";
		};
		EFA170E42358170A00D0BF66 /* flixUITests */ = {
			isa = PBXGroup;
			children = (
				EFA170E52358170A00D0BF66 /* flixUITests.swift */,
				EFA170E72358170A00D0BF66 /* Info.plist */,
			);
			path = flixUITests;
			sourceTree = "<group>";
		};
/* End PBXGroup section */

/* Begin PBXNativeTarget section */
		EFA170C12358170500D0BF66 /* flix */ = {
			isa = PBXNativeTarget;
			buildConfigurationList = EFA170EA2358170A00D0BF66 /* Build configuration list for PBXNativeTarget "flix" */;
			buildPhases = (
				EFA170BE2358170500D0BF66 /* Sources */,
				EFA170BF2358170500D0BF66 /* Frameworks */,
				EFA170C02358170500D0BF66 /* Resources */,
			);
			buildRules = (
			);
			dependencies = (
			);
			name = flix;
			productName = flix;
			productReference = EFA170C22358170500D0BF66 /* flix.app */;
			productType = "com.apple.product-type.application";
		};
		EFA170D52358170A00D0BF66 /* flixTests */ = {
			isa = PBXNativeTarget;
			buildConfigurationList = EFA170ED2358170A00D0BF66 /* Build configuration list for PBXNativeTarget "flixTests" */;
			buildPhases = (
				EFA170D22358170A00D0BF66 /* Sources */,
				EFA170D32358170A00D0BF66 /* Frameworks */,
				EFA170D42358170A00D0BF66 /* Resources */,
			);
			buildRules = (
			);
			dependencies = (
				EFA170D82358170A00D0BF66 /* PBXTargetDependency */,
			);
			name = flixTests;
			productName = flixTests;
			productReference = EFA170D62358170A00D0BF66 /* flixTests.xctest */;
			productType = "com.apple.product-type.bundle.unit-test";
		};
		EFA170E02358170A00D0BF66 /* flixUITests */ = {
			isa = PBXNativeTarget;
			buildConfigurationList = EFA170F02358170A00D0BF66 /* Build configuration list for PBXNativeTarget "flixUITests" */;
			buildPhases = (
				EFA170DD2358170A00D0BF66 /* Sources */,
				EFA170DE2358170A00D0BF66 /* Frameworks */,
				EFA170DF2358170A00D0BF66 /* Resources */,
			);
			buildRules = (
			);
			dependencies = (
				EFA170E32358170A00D0BF66 /* PBXTargetDependency */,
			);
			name = flixUITests;
			productName = flixUITests;
			productReference = EFA170E12358170A00D0BF66 /* flixUITests.xctest */;
			productType = "com.apple.product-type.bundle.ui-testing";
		};
/* End PBXNativeTarget section */

/* Begin PBXProject section */
		EFA170BA2358170400D0BF66 /* Project object */ = {
			isa = PBXProject;
			attributes = {
				LastSwiftUpdateCheck = 1010;
				LastUpgradeCheck = 1010;
				ORGANIZATIONNAME = davytchi;
				TargetAttributes = {
					EFA170C12358170500D0BF66 = {
						CreatedOnToolsVersion = 10.1;
					};
					EFA170D52358170A00D0BF66 = {
						CreatedOnToolsVersion = 10.1;
						TestTargetID = EFA170C12358170500D0BF66;
					};
					EFA170E02358170A00D0BF66 = {
						CreatedOnToolsVersion = 10.1;
						TestTargetID = EFA170C12358170500D0BF66;
					};
				};
			};
			buildConfigurationList = EFA170BD2358170400D0BF66 /* Build configuration list for PBXProject "flix" */;
			compatibilityVersion = "Xcode 9.3";
			developmentRegion = en;
			hasScannedForEncodings = 0;
			knownRegions = (
				en,
				Base,
			);
			mainGroup = EFA170B92358170400D0BF66;
			productRefGroup = EFA170C32358170500D0BF66 /* Products */;
			projectDirPath = "";
			projectRoot = "";
			targets = (
				EFA170C12358170500D0BF66 /* flix */,
				EFA170D52358170A00D0BF66 /* flixTests */,
				EFA170E02358170A00D0BF66 /* flixUITests */,
			);
		};
/* End PBXProject section */

/* Begin PBXResourcesBuildPhase section */
		EFA170C02358170500D0BF66 /* Resources */ = {
			isa = PBXResourcesBuildPhase;
			buildActionMask = 2147483647;
			files = (
				EFA170D02358170A00D0BF66 /* LaunchScreen.storyboard in Resources */,
				EFA170CD2358170A00D0BF66 /* Assets.xcassets in Resources */,
				EFA170CB2358170500D0BF66 /* Main.storyboard in Resources */,
			);
			runOnlyForDeploymentPostprocessing = 0;
		};
		EFA170D42358170A00D0BF66 /* Resources */ = {
			isa = PBXResourcesBuildPhase;
			buildActionMask = 2147483647;
			files = (
			);
			runOnlyForDeploymentPostprocessing = 0;
		};
		EFA170DF2358170A00D0BF66 /* Resources */ = {
			isa = PBXResourcesBuildPhase;
			buildActionMask = 2147483647;
			files = (
			);
			runOnlyForDeploymentPostprocessing = 0;
		};
/* End PBXResourcesBuildPhase section */

/* Begin PBXSourcesBuildPhase section */
		EFA170BE2358170500D0BF66 /* Sources */ = {
			isa = PBXSourcesBuildPhase;
			buildActionMask = 2147483647;
			files = (
				EFA170C82358170500D0BF66 /* ViewController.swift in Sources */,
				EFA170C62358170500D0BF66 /* AppDelegate.swift in Sources */,
			);
			runOnlyForDeploymentPostprocessing = 0;
		};
		EFA170D22358170A00D0BF66 /* Sources */ = {
			isa = PBXSourcesBuildPhase;
			buildActionMask = 2147483647;
			files = (
				EFA170DB2358170A00D0BF66 /* flixTests.swift in Sources */,
			);
			runOnlyForDeploymentPostprocessing = 0;
		};
		EFA170DD2358170A00D0BF66 /* Sources */ = {
			isa = PBXSourcesBuildPhase;
			buildActionMask = 2147483647;
			files = (
				EFA170E62358170A00D0BF66 /* flixUITests.swift in Sources */,
			);
			runOnlyForDeploymentPostprocessing = 0;
		};
/* End PBXSourcesBuildPhase section */

/* Begin PBXTargetDependency section */
		EFA170D82358170A00D0BF66 /* PBXTargetDependency */ = {
			isa = PBXTargetDependency;
			target = EFA170C12358170500D0BF66 /* flix */;
			targetProxy = EFA170D72358170A00D0BF66 /* PBXContainerItemProxy */;
		};
		EFA170E32358170A00D0BF66 /* PBXTargetDependency */ = {
			isa = PBXTargetDependency;
			target = EFA170C12358170500D0BF66 /* flix */;
			targetProxy = EFA170E22358170A00D0BF66 /* PBXContainerItemProxy */;
		};
/* End PBXTargetDependency section */

/* Begin PBXVariantGroup section */
		EFA170C92358170500D0BF66 /* Main.storyboard */ = {
			isa = PBXVariantGroup;
			children = (
				EFA170CA2358170500D0BF66 /* Base */,
			);
			name = Main.storyboard;
			sourceTree = "<group>";
		};
		EFA170CE2358170A00D0BF66 /* LaunchScreen.storyboard */ = {
			isa = PBXVariantGroup;
			children = (
				EFA170CF2358170A00D0BF66 /* Base */,
			);
			name = LaunchScreen.storyboard;
			sourceTree = "<group>";
		};
/* End PBXVariantGroup section */

/* Begin XCBuildConfiguration section */
		EFA170E82358170A00D0BF66 /* Debug */ = {
			isa = XCBuildConfiguration;
			buildSettings = {
				ALWAYS_SEARCH_USER_PATHS = NO;
				CLANG_ANALYZER_NONNULL = YES;
				CLANG_ANALYZER_NUMBER_OBJECT_CONVERSION = YES_AGGRESSIVE;
				CLANG_CXX_LANGUAGE_STANDARD = "gnu++14";
				CLANG_CXX_LIBRARY = "libc++";
				CLANG_ENABLE_MODULES = YES;
				CLANG_ENABLE_OBJC_ARC = YES;
				CLANG_ENABLE_OBJC_WEAK = YES;
				CLANG_WARN_BLOCK_CAPTURE_AUTORELEASING = YES;
				CLANG_WARN_BOOL_CONVERSION = YES;
				CLANG_WARN_COMMA = YES;
				CLANG_WARN_CONSTANT_CONVERSION = YES;
				CLANG_WARN_DEPRECATED_OBJC_IMPLEMENTATIONS = YES;
				CLANG_WARN_DIRECT_OBJC_ISA_USAGE = YES_ERROR;
				CLANG_WARN_DOCUMENTATION_COMMENTS = YES;
				CLANG_WARN_EMPTY_BODY = YES;
				CLANG_WARN_ENUM_CONVERSION = YES;
				CLANG_WARN_INFINITE_RECURSION = YES;
				CLANG_WARN_INT_CONVERSION = YES;
				CLANG_WARN_NON_LITERAL_NULL_CONVERSION = YES;
				CLANG_WARN_OBJC_IMPLICIT_RETAIN_SELF = YES;
				CLANG_WARN_OBJC_LITERAL_CONVERSION = YES;
				CLANG_WARN_OBJC_ROOT_CLASS = YES_ERROR;
				CLANG_WARN_RANGE_LOOP_ANALYSIS = YES;
				CLANG_WARN_STRICT_PROTOTYPES = YES;
				CLANG_WARN_SUSPICIOUS_MOVE = YES;
				CLANG_WARN_UNGUARDED_AVAILABILITY = YES_AGGRESSIVE;
				CLANG_WARN_UNREACHABLE_CODE = YES;
				CLANG_WARN__DUPLICATE_METHOD_MATCH = YES;
				CODE_SIGN_IDENTITY = "iPhone Developer";
				COPY_PHASE_STRIP = NO;
				DEBUG_INFORMATION_FORMAT = dwarf;
				ENABLE_STRICT_OBJC_MSGSEND = YES;
				ENABLE_TESTABILITY = YES;
				GCC_C_LANGUAGE_STANDARD = gnu11;
				GCC_DYNAMIC_NO_PIC = NO;
				GCC_NO_COMMON_BLOCKS = YES;
				GCC_OPTIMIZATION_LEVEL = 0;
				GCC_PREPROCESSOR_DEFINITIONS = (
					"DEBUG=1",
					"$(inherited)",
				);
				GCC_WARN_64_TO_32_BIT_CONVERSION = YES;
				GCC_WARN_ABOUT_RETURN_TYPE = YES_ERROR;
				GCC_WARN_UNDECLARED_SELECTOR = YES;
				GCC_WARN_UNINITIALIZED_AUTOS = YES_AGGRESSIVE;
				GCC_WARN_UNUSED_FUNCTION = YES;
				GCC_WARN_UNUSED_VARIABLE = YES;
				IPHONEOS_DEPLOYMENT_TARGET = 12.1;
				MTL_ENABLE_DEBUG_INFO = INCLUDE_SOURCE;
				MTL_FAST_MATH = YES;
				ONLY_ACTIVE_ARCH = YES;
				SDKROOT = iphoneos;
				SWIFT_ACTIVE_COMPILATION_CONDITIONS = DEBUG;
				SWIFT_OPTIMIZATION_LEVEL = "-Onone";
			};
			name = Debug;
		};
		EFA170E92358170A00D0BF66 /* Release */ = {
			isa = XCBuildConfiguration;
			buildSettings = {
				ALWAYS_SEARCH_USER_PATHS = NO;
				CLANG_ANALYZER_NONNULL = YES;
				CLANG_ANALYZER_NUMBER_OBJECT_CONVERSION = YES_AGGRESSIVE;
				CLANG_CXX_LANGUAGE_STANDARD = "gnu++14";
				CLANG_CXX_LIBRARY = "libc++";
				CLANG_ENABLE_MODULES = YES;
				CLANG_ENABLE_OBJC_ARC = YES;
				CLANG_ENABLE_OBJC_WEAK = YES;
				CLANG_WARN_BLOCK_CAPTURE_AUTORELEASING = YES;
				CLANG_WARN_BOOL_CONVERSION = YES;
				CLANG_WARN_COMMA = YES;
				CLANG_WARN_CONSTANT_CONVERSION = YES;
				CLANG_WARN_DEPRECATED_OBJC_IMPLEMENTATIONS = YES;
				CLANG_WARN_DIRECT_OBJC_ISA_USAGE = YES_ERROR;
				CLANG_WARN_DOCUMENTATION_COMMENTS = YES;
				CLANG_WARN_EMPTY_BODY = YES;
				CLANG_WARN_ENUM_CONVERSION = YES;
				CLANG_WARN_INFINITE_RECURSION = YES;
				CLANG_WARN_INT_CONVERSION = YES;
				CLANG_WARN_NON_LITERAL_NULL_CONVERSION = YES;
				CLANG_WARN_OBJC_IMPLICIT_RETAIN_SELF = YES;
				CLANG_WARN_OBJC_LITERAL_CONVERSION = YES;
				CLANG_WARN_OBJC_ROOT_CLASS = YES_ERROR;
				CLANG_WARN_RANGE_LOOP_ANALYSIS = YES;
				CLANG_WARN_STRICT_PROTOTYPES = YES;
				CLANG_WARN_SUSPICIOUS_MOVE = YES;
				CLANG_WARN_UNGUARDED_AVAILABILITY = YES_AGGRESSIVE;
				CLANG_WARN_UNREACHABLE_CODE = YES;
				CLANG_WARN__DUPLICATE_METHOD_MATCH = YES;
				CODE_SIGN_IDENTITY = "iPhone Developer";
				COPY_PHASE_STRIP = NO;
				DEBUG_INFORMATION_FORMAT = "dwarf-with-dsym";
				ENABLE_NS_ASSERTIONS = NO;
				ENABLE_STRICT_OBJC_MSGSEND = YES;
				GCC_C_LANGUAGE_STANDARD = gnu11;
				GCC_NO_COMMON_BLOCKS = YES;
				GCC_WARN_64_TO_32_BIT_CONVERSION = YES;
				GCC_WARN_ABOUT_RETURN_TYPE = YES_ERROR;
				GCC_WARN_UNDECLARED_SELECTOR = YES;
				GCC_WARN_UNINITIALIZED_AUTOS = YES_AGGRESSIVE;
				GCC_WARN_UNUSED_FUNCTION = YES;
				GCC_WARN_UNUSED_VARIABLE = YES;
				IPHONEOS_DEPLOYMENT_TARGET = 12.1;
				MTL_ENABLE_DEBUG_INFO = NO;
				MTL_FAST_MATH = YES;
				SDKROOT = iphoneos;
				SWIFT_COMPILATION_MODE = wholemodule;
				SWIFT_OPTIMIZATION_LEVEL = "-O";
				VALIDATE_PRODUCT = YES;
			};
			name = Release;
		};
		EFA170EB2358170A00D0BF66 /* Debug */ = {
			isa = XCBuildConfiguration;
			buildSettings = {
				ASSETCATALOG_COMPILER_APPICON_NAME = AppIcon;
				CODE_SIGN_STYLE = Automatic;
				INFOPLIST_FILE = flix/Info.plist;
				LD_RUNPATH_SEARCH_PATHS = (
					"$(inherited)",
					"@executable_path/Frameworks",
				);
				PRODUCT_BUNDLE_IDENTIFIER = madlot.flix;
				PRODUCT_NAME = "$(TARGET_NAME)";
				SWIFT_VERSION = 4.2;
				TARGETED_DEVICE_FAMILY = "1,2";
			};
			name = Debug;
		};
		EFA170EC2358170A00D0BF66 /* Release */ = {
			isa = XCBuildConfiguration;
			buildSettings = {
				ASSETCATALOG_COMPILER_APPICON_NAME = AppIcon;
				CODE_SIGN_STYLE = Automatic;
				INFOPLIST_FILE = flix/Info.plist;
				LD_RUNPATH_SEARCH_PATHS = (
					"$(inherited)",
					"@executable_path/Frameworks",
				);
				PRODUCT_BUNDLE_IDENTIFIER = madlot.flix;
				PRODUCT_NAME = "$(TARGET_NAME)";
				SWIFT_VERSION = 4.2;
				TARGETED_DEVICE_FAMILY = "1,2";
			};
			name = Release;
		};
		EFA170EE2358170A00D0BF66 /* Debug */ = {
			isa = XCBuildConfiguration;
			buildSettings = {
				ALWAYS_EMBED_SWIFT_STANDARD_LIBRARIES = YES;
				BUNDLE_LOADER = "$(TEST_HOST)";
				CODE_SIGN_STYLE = Automatic;
				INFOPLIST_FILE = flixTests/Info.plist;
				LD_RUNPATH_SEARCH_PATHS = (
					"$(inherited)",
					"@executable_path/Frameworks",
					"@loader_path/Frameworks",
				);
				PRODUCT_BUNDLE_IDENTIFIER = madlot.flixTests;
				PRODUCT_NAME = "$(TARGET_NAME)";
				SWIFT_VERSION = 4.2;
				TARGETED_DEVICE_FAMILY = "1,2";
				TEST_HOST = "$(BUILT_PRODUCTS_DIR)/flix.app/flix";
			};
			name = Debug;
		};
		EFA170EF2358170A00D0BF66 /* Release */ = {
			isa = XCBuildConfiguration;
			buildSettings = {
				ALWAYS_EMBED_SWIFT_STANDARD_LIBRARIES = YES;
				BUNDLE_LOADER = "$(TEST_HOST)";
				CODE_SIGN_STYLE = Automatic;
				INFOPLIST_FILE = flixTests/Info.plist;
				LD_RUNPATH_SEARCH_PATHS = (
					"$(inherited)",
					"@executable_path/Frameworks",
					"@loader_path/Frameworks",
				);
				PRODUCT_BUNDLE_IDENTIFIER = madlot.flixTests;
				PRODUCT_NAME = "$(TARGET_NAME)";
				SWIFT_VERSION = 4.2;
				TARGETED_DEVICE_FAMILY = "1,2";
				TEST_HOST = "$(BUILT_PRODUCTS_DIR)/flix.app/flix";
			};
			name = Release;
		};
		EFA170F12358170A00D0BF66 /* Debug */ = {
			isa = XCBuildConfiguration;
			buildSettings = {
				ALWAYS_EMBED_SWIFT_STANDARD_LIBRARIES = YES;
				CODE_SIGN_STYLE = Automatic;
				INFOPLIST_FILE = flixUITests/Info.plist;
				LD_RUNPATH_SEARCH_PATHS = (
					"$(inherited)",
					"@executable_path/Frameworks",
					"@loader_path/Frameworks",
				);
				PRODUCT_BUNDLE_IDENTIFIER = madlot.flixUITests;
				PRODUCT_NAME = "$(TARGET_NAME)";
				SWIFT_VERSION = 4.2;
				TARGETED_DEVICE_FAMILY = "1,2";
				TEST_TARGET_NAME = flix;
			};
			name = Debug;
		};
		EFA170F22358170A00D0BF66 /* Release */ = {
			isa = XCBuildConfiguration;
			buildSettings = {
				ALWAYS_EMBED_SWIFT_STANDARD_LIBRARIES = YES;
				CODE_SIGN_STYLE = Automatic;
				INFOPLIST_FILE = flixUITests/Info.plist;
				LD_RUNPATH_SEARCH_PATHS = (
					"$(inherited)",
					"@executable_path/Frameworks",
					"@loader_path/Frameworks",
				);
				PRODUCT_BUNDLE_IDENTIFIER = madlot.flixUITests;
				PRODUCT_NAME = "$(TARGET_NAME)";
				SWIFT_VERSION = 4.2;
				TARGETED_DEVICE_FAMILY = "1,2";
				TEST_TARGET_NAME = flix;
			};
			name = Release;
		};
/* End XCBuildConfiguration section */

/* Begin XCConfigurationList section */
		EFA170BD2358170400D0BF66 /* Build configuration list for PBXProject "flix" */ = {
			isa = XCConfigurationList;
			buildConfigurations = (
				EFA170E82358170A00D0BF66 /* Debug */,
				EFA170E92358170A00D0BF66 /* Release */,
			);
			defaultConfigurationIsVisible = 0;
			defaultConfigurationName = Release;
		};
		EFA170EA2358170A00D0BF66 /* Build configuration list for PBXNativeTarget "flix" */ = {
			isa = XCConfigurationList;
			buildConfigurations = (
				EFA170EB2358170A00D0BF66 /* Debug */,
				EFA170EC2358170A00D0BF66 /* Release */,
			);
			defaultConfigurationIsVisible = 0;
			defaultConfigurationName = Release;
		};
		EFA170ED2358170A00D0BF66 /* Build configuration list for PBXNativeTarget "flixTests" */ = {
			isa = XCConfigurationList;
			buildConfigurations = (
				EFA170EE2358170A00D0BF66 /* Debug */,
				EFA170EF2358170A00D0BF66 /* Release */,
			);
			defaultConfigurationIsVisible = 0;
			defaultConfigurationName = Release;
		};
		EFA170F02358170A00D0BF66 /* Build configuration list for PBXNativeTarget "flixUITests" */ = {
			isa = XCConfigurationList;
			buildConfigurations = (
				EFA170F12358170A00D0BF66 /* Debug */,
				EFA170F22358170A00D0BF66 /* Release */,
			);
			defaultConfigurationIsVisible = 0;
			defaultConfigurationName = Release;
		};
/* End XCConfigurationList section */
	};
	rootObject = EFA170BA2358170400D0BF66 /* Project object */;
}
